# This file is automatically @generated by Cargo.
# It is not intended for manual editing.
version = 3

[[package]]
name = "iec_c"
version = "0.1.0"
dependencies = [
 "iec_diagnostics",
 "iec_ir",
 "iec_runtime",
 "iec_syntax",
]

[[package]]
name = "iec_diagnostics"
version = "0.1.0"

[[package]]
name = "iec_ir"
version = "0.1.0"
dependencies = [
 "iec_profile",
]

[[package]]
name = "iec_plcopen"
version = "0.1.0"
dependencies = [
 "iec_diagnostics",
 "iec_ir",
 "iec_profile",
 "iec_syntax",
]

[[package]]
name = "iec_profile"
version = "0.1.0"

[[package]]
name = "iec_runtime"
version = "0.1.0"
dependencies = [
 "iec_diagnostics",
 "iec_ir",
 "iec_semantics",
 "iec_stdlib",
 "iec_syntax",
]

[[package]]
name = "iec_semantics"
version = "0.1.0"
dependencies = [
 "iec_diagnostics",
 "iec_ir",
 "iec_profile",
 "iec_stdlib",
 "iec_syntax",
]

[[package]]
name = "iec_stdlib"
version = "0.1.0"
dependencies = [
 "iec_ir",
]

[[package]]
name = "iec_syntax"
version = "0.1.0"
dependencies = [
 "iec_diagnostics",
 "iec_ir",
 "iec_profile",
]

[[package]]
name = "rbcpp_cli"
version = "0.1.0"
dependencies = [
 "iec_c",
 "iec_diagnostics",
 "iec_ir",
 "iec_plcopen",
 "iec_profile",
 "iec_runtime",
 "iec_semantics",
 "iec_syntax",
]
